
Microsoft Visual Studio Solution File, Format Version 12.00
# Visual Studio 14
VisualStudioVersion = 14.0.25420.1
MinimumVisualStudioVersion = 10.0.40219.1
Project("{2150E333-8FDC-42A3-9474-1A3956D46DE8}") = ".nuget", ".nuget", "{DFA48E27-7D53-4955-A722-3D91A7119BE7}"
	ProjectSection(SolutionItems) = preProject
		.nuget\NuGet.Config = .nuget\NuGet.Config
		.nuget\NuGet.exe = .nuget\NuGet.exe
		.nuget\NuGet.targets = .nuget\NuGet.targets
	EndProjectSection
EndProject
Project("{FAE04EC0-301F-11D3-BF4B-00C04F79EFBC}") = "Happyzu.Mall.Core", "Happyzu.Mall.Core\Happyzu.Mall.Core.csproj", "{17298EA0-AF73-4F30-B6F1-2066100D7D74}"
EndProject
Project("{FAE04EC0-301F-11D3-BF4B-00C04F79EFBC}") = "Happyzu.Mall.Application", "Happyzu.Mall.Application\Happyzu.Mall.Application.csproj", "{EDF5D964-4C0F-4F19-B674-58A38A5E5401}"
EndProject
Project("{FAE04EC0-301F-11D3-BF4B-00C04F79EFBC}") = "Happyzu.Mall.EntityFramework", "Happyzu.Mall.EntityFramework\Happyzu.Mall.EntityFramework.csproj", "{3979F157-DEB0-4878-AB1D-4CEF6B5A1300}"
EndProject
Project("{FAE04EC0-301F-11D3-BF4B-00C04F79EFBC}") = "Happyzu.Mall.Web", "Happyzu.Mall.Web\Happyzu.Mall.Web.csproj", "{897F6FD8-6F90-48E4-95A5-B4429B896205}"
EndProject
Project("{FAE04EC0-301F-11D3-BF4B-00C04F79EFBC}") = "Happyzu.Mall.WebApi", "Happyzu.Mall.WebApi\Happyzu.Mall.WebApi.csproj", "{5EB52D3D-09FD-463A-B02A-8D9856BD3724}"
EndProject
Project("{2150E333-8FDC-42A3-9474-1A3956D46DE8}") = "2.Presentation", "2.Presentation", "{2702B9BF-131B-4B64-861C-7B8D2EA01046}"
EndProject
Project("{2150E333-8FDC-42A3-9474-1A3956D46DE8}") = "1.Libraries", "1.Libraries", "{D595B4C6-7212-4FFC-B8F4-5CF49323B02B}"
EndProject
Project("{2150E333-8FDC-42A3-9474-1A3956D46DE8}") = "3.Plugins", "3.Plugins", "{787725DB-CEEC-4F24-B637-A4F9D18857A1}"
EndProject
Project("{FAE04EC0-301F-11D3-BF4B-00C04F79EFBC}") = "Happyzu.Mall.Web.Administrator", "Happyzu.Mall.Web\Administrator\Happyzu.Mall.Web.Administrator.csproj", "{317244F7-FC06-4866-AB8D-023FEC500216}"
EndProject
Project("{FAE04EC0-301F-11D3-BF4B-00C04F79EFBC}") = "Happyzu.Framework", "Happyzu.Framework\Happyzu.Framework.csproj", "{612823C9-8446-4333-B0C7-717A5546B51F}"
EndProject
Project("{FAE04EC0-301F-11D3-BF4B-00C04F79EFBC}") = "Happyzu.Mall.Web.Wechat", "Happyzu.Mall.Web\Plugins\Happyzu.Mall.Web.Wechat\Happyzu.Mall.Web.Wechat.csproj", "{97B6E4CA-E332-4BB8-BF9C-32F4AD31ED77}"
EndProject
Global
	GlobalSection(SolutionConfigurationPlatforms) = preSolution
		Debug|Any CPU = Debug|Any CPU
		Release|Any CPU = Release|Any CPU
	EndGlobalSection
	GlobalSection(ProjectConfigurationPlatforms) = postSolution
		{17298EA0-AF73-4F30-B6F1-2066100D7D74}.Debug|Any CPU.ActiveCfg = Debug|Any CPU
		{17298EA0-AF73-4F30-B6F1-2066100D7D74}.Debug|Any CPU.Build.0 = Debug|Any CPU
		{17298EA0-AF73-4F30-B6F1-2066100D7D74}.Release|Any CPU.ActiveCfg = Release|Any CPU
		{17298EA0-AF73-4F30-B6F1-2066100D7D74}.Release|Any CPU.Build.0 = Release|Any CPU
		{EDF5D964-4C0F-4F19-B674-58A38A5E5401}.Debug|Any CPU.ActiveCfg = Debug|Any CPU
		{EDF5D964-4C0F-4F19-B674-58A38A5E5401}.Debug|Any CPU.Build.0 = Debug|Any CPU
		{EDF5D964-4C0F-4F19-B674-58A38A5E5401}.Release|Any CPU.ActiveCfg = Release|Any CPU
		{EDF5D964-4C0F-4F19-B674-58A38A5E5401}.Release|Any CPU.Build.0 = Release|Any CPU
		{3979F157-DEB0-4878-AB1D-4CEF6B5A1300}.Debug|Any CPU.ActiveCfg = Debug|Any CPU
		{3979F157-DEB0-4878-AB1D-4CEF6B5A1300}.Debug|Any CPU.Build.0 = Debug|Any CPU
		{3979F157-DEB0-4878-AB1D-4CEF6B5A1300}.Release|Any CPU.ActiveCfg = Release|Any CPU
		{3979F157-DEB0-4878-AB1D-4CEF6B5A1300}.Release|Any CPU.Build.0 = Release|Any CPU
		{897F6FD8-6F90-48E4-95A5-B4429B896205}.Debug|Any CPU.ActiveCfg = Debug|Any CPU
		{897F6FD8-6F90-48E4-95A5-B4429B896205}.Debug|Any CPU.Build.0 = Debug|Any CPU
		{897F6FD8-6F90-48E4-95A5-B4429B896205}.Release|Any CPU.ActiveCfg = Release|Any CPU
		{897F6FD8-6F90-48E4-95A5-B4429B896205}.Release|Any CPU.Build.0 = Release|Any CPU
		{5EB52D3D-09FD-463A-B02A-8D9856BD3724}.Debug|Any CPU.ActiveCfg = Debug|Any CPU
		{5EB52D3D-09FD-463A-B02A-8D9856BD3724}.Debug|Any CPU.Build.0 = Debug|Any CPU
		{5EB52D3D-09FD-463A-B02A-8D9856BD3724}.Release|Any CPU.ActiveCfg = Release|Any CPU
		{5EB52D3D-09FD-463A-B02A-8D9856BD3724}.Release|Any CPU.Build.0 = Release|Any CPU
		{317244F7-FC06-4866-AB8D-023FEC500216}.Debug|Any CPU.ActiveCfg = Debug|Any CPU
		{317244F7-FC06-4866-AB8D-023FEC500216}.Debug|Any CPU.Build.0 = Debug|Any CPU
		{317244F7-FC06-4866-AB8D-023FEC500216}.Release|Any CPU.ActiveCfg = Release|Any CPU
		{317244F7-FC06-4866-AB8D-023FEC500216}.Release|Any CPU.Build.0 = Release|Any CPU
		{612823C9-8446-4333-B0C7-717A5546B51F}.Debug|Any CPU.ActiveCfg = Debug|Any CPU
		{612823C9-8446-4333-B0C7-717A5546B51F}.Debug|Any CPU.Build.0 = Debug|Any CPU
		{612823C9-8446-4333-B0C7-717A5546B51F}.Release|Any CPU.ActiveCfg = Release|Any CPU
		{612823C9-8446-4333-B0C7-717A5546B51F}.Release|Any CPU.Build.0 = Release|Any CPU
		{97B6E4CA-E332-4BB8-BF9C-32F4AD31ED77}.Debug|Any CPU.ActiveCfg = Debug|Any CPU
		{97B6E4CA-E332-4BB8-BF9C-32F4AD31ED77}.Debug|Any CPU.Build.0 = Debug|Any CPU
		{97B6E4CA-E332-4BB8-BF9C-32F4AD31ED77}.Release|Any CPU.ActiveCfg = Release|Any CPU
		{97B6E4CA-E332-4BB8-BF9C-32F4AD31ED77}.Release|Any CPU.Build.0 = Release|Any CPU
	EndGlobalSection
	GlobalSection(SolutionProperties) = preSolution
		HideSolutionNode = FALSE
	EndGlobalSection
	GlobalSection(NestedProjects) = preSolution
		{17298EA0-AF73-4F30-B6F1-2066100D7D74} = {D595B4C6-7212-4FFC-B8F4-5CF49323B02B}
		{EDF5D964-4C0F-4F19-B674-58A38A5E5401} = {D595B4C6-7212-4FFC-B8F4-5CF49323B02B}
		{3979F157-DEB0-4878-AB1D-4CEF6B5A1300} = {D595B4C6-7212-4FFC-B8F4-5CF49323B02B}
		{897F6FD8-6F90-48E4-95A5-B4429B896205} = {2702B9BF-131B-4B64-861C-7B8D2EA01046}
		{5EB52D3D-09FD-463A-B02A-8D9856BD3724} = {2702B9BF-131B-4B64-861C-7B8D2EA01046}
		{317244F7-FC06-4866-AB8D-023FEC500216} = {787725DB-CEEC-4F24-B637-A4F9D18857A1}
		{612823C9-8446-4333-B0C7-717A5546B51F} = {2702B9BF-131B-4B64-861C-7B8D2EA01046}
		{97B6E4CA-E332-4BB8-BF9C-32F4AD31ED77} = {787725DB-CEEC-4F24-B637-A4F9D18857A1}
	EndGlobalSection
EndGlobal
